
Microsoft Visual Studio Solution File, Format Version 12.00
# Visual Studio 14
VisualStudioVersion = 14.0.25123.0
MinimumVisualStudioVersion = 10.0.40219.1
Project("{8BB2217D-0F2D-49D1-97BC-3654ED321F3B}") = "TimeTracking.IdSrv", "TimeTracking.IdSrv\TimeTracking.IdSrv.xproj", "{39A8BDD6-C1AB-4F06-BF90-4DAA817A2970}"
EndProject
Project("{2150E333-8FDC-42A3-9474-1A3956D46DE8}") = "Solution Items", "Solution Items", "{A1559F7F-B0FC-49B8-8E19-6B6AED56E082}"
	ProjectSection(SolutionItems) = preProject
		..\..\Examples\IdentityServer4-dev\global.json = ..\..\Examples\IdentityServer4-dev\global.json
	EndProjectSection
EndProject
Project("{8BB2217D-0F2D-49D1-97BC-3654ED321F3B}") = "TimeTracking.General", "TimeTracking.General\TimeTracking.General.xproj", "{178E913F-1A40-404D-9DF3-2AF555442C4C}"
EndProject
Project("{8BB2217D-0F2D-49D1-97BC-3654ED321F3B}") = "TimeTracking.DataAccess", "TimeTracking.DataAccess\TimeTracking.DataAccess.xproj", "{22CFF952-2BEA-4BD7-AB47-47F5C3B7B814}"
EndProject
Global
	GlobalSection(SolutionConfigurationPlatforms) = preSolution
		Debug|Any CPU = Debug|Any CPU
		Release|Any CPU = Release|Any CPU
	EndGlobalSection
	GlobalSection(ProjectConfigurationPlatforms) = postSolution
		{39A8BDD6-C1AB-4F06-BF90-4DAA817A2970}.Debug|Any CPU.ActiveCfg = Debug|Any CPU
		{39A8BDD6-C1AB-4F06-BF90-4DAA817A2970}.Debug|Any CPU.Build.0 = Debug|Any CPU
		{39A8BDD6-C1AB-4F06-BF90-4DAA817A2970}.Release|Any CPU.ActiveCfg = Release|Any CPU
		{39A8BDD6-C1AB-4F06-BF90-4DAA817A2970}.Release|Any CPU.Build.0 = Release|Any CPU
		{178E913F-1A40-404D-9DF3-2AF555442C4C}.Debug|Any CPU.ActiveCfg = Debug|Any CPU
		{178E913F-1A40-404D-9DF3-2AF555442C4C}.Debug|Any CPU.Build.0 = Debug|Any CPU
		{178E913F-1A40-404D-9DF3-2AF555442C4C}.Release|Any CPU.ActiveCfg = Release|Any CPU
		{178E913F-1A40-404D-9DF3-2AF555442C4C}.Release|Any CPU.Build.0 = Release|Any CPU
		{22CFF952-2BEA-4BD7-AB47-47F5C3B7B814}.Debug|Any CPU.ActiveCfg = Debug|Any CPU
		{22CFF952-2BEA-4BD7-AB47-47F5C3B7B814}.Debug|Any CPU.Build.0 = Debug|Any CPU
		{22CFF952-2BEA-4BD7-AB47-47F5C3B7B814}.Release|Any CPU.ActiveCfg = Release|Any CPU
		{22CFF952-2BEA-4BD7-AB47-47F5C3B7B814}.Release|Any CPU.Build.0 = Release|Any CPU
	EndGlobalSection
	GlobalSection(SolutionProperties) = preSolution
		HideSolutionNode = FALSE
	EndGlobalSection
EndGlobal
